
Microsoft Visual Studio Solution File, Format Version 12.00
# Visual Studio 2013
VisualStudioVersion = 12.0.31101.0
MinimumVisualStudioVersion = 10.0.40219.1
Project("{FAE04EC0-301F-11D3-BF4B-00C04F79EFBC}") = "Neptuo.WebStack", "src\Neptuo.WebStack\Neptuo.WebStack.csproj", "{D661162A-CC24-4DE8-920F-AE54C9258A7F}"
EndProject
Project("{FAE04EC0-301F-11D3-BF4B-00C04F79EFBC}") = "Neptuo.WebStack.Hosting.AspNet", "src\Neptuo.WebStack.Hosting.AspNet\Neptuo.WebStack.Hosting.AspNet.csproj", "{77A95819-04AB-492C-81B4-B59553C94A99}"
EndProject
Project("{FAE04EC0-301F-11D3-BF4B-00C04F79EFBC}") = "TestConsole", "src\TestConsole\TestConsole.csproj", "{79AAD4CC-773A-4045-9A11-6200410A9153}"
EndProject
Project("{FAE04EC0-301F-11D3-BF4B-00C04F79EFBC}") = "Neptuo.WebStack.Services", "src\Neptuo.WebStack.Services\Neptuo.WebStack.Services.csproj", "{B628A16E-F84F-49AD-A04B-FC8A5428A663}"
EndProject
Project("{FAE04EC0-301F-11D3-BF4B-00C04F79EFBC}") = "Neptuo.WebStack.Routing", "src\Neptuo.WebStack.Routing\Neptuo.WebStack.Routing.csproj", "{B60172B4-9D8B-41D9-B14C-F82A30A94A4C}"
EndProject
Project("{FAE04EC0-301F-11D3-BF4B-00C04F79EFBC}") = "Neptuo.WebStack.Exceptions", "src\Neptuo.WebStack.Exceptions\Neptuo.WebStack.Exceptions.csproj", "{5F051BB8-E713-45F9-9685-4BEF15DAA0D8}"
EndProject
Project("{FAE04EC0-301F-11D3-BF4B-00C04F79EFBC}") = "Neptuo.WebStack.Http", "src\Neptuo.WebStack.Http\Neptuo.WebStack.Http.csproj", "{EBD4A12A-E485-4E20-ABEB-756A42B27949}"
EndProject
Project("{2150E333-8FDC-42A3-9474-1A3956D46DE8}") = "Core", "Core", "{282B5595-E7BE-4612-96C8-D1ACE6F9E4B6}"
EndProject
Project("{2150E333-8FDC-42A3-9474-1A3956D46DE8}") = "Modules", "Modules", "{167FA88E-DBBA-44C8-8699-3C5902EB46EB}"
EndProject
Project("{2150E333-8FDC-42A3-9474-1A3956D46DE8}") = "Hosting", "Hosting", "{CC76C880-4F10-4B33-B794-649515C64D6B}"
EndProject
Project("{FAE04EC0-301F-11D3-BF4B-00C04F79EFBC}") = "Neptuo.WebStack.Hosting.Owin", "src\Neptuo.WebStack.Hosting.Owin\Neptuo.WebStack.Hosting.Owin.csproj", "{0696E3F0-E358-4383-A47F-8BD47F4F71AA}"
EndProject
Project("{FAE04EC0-301F-11D3-BF4B-00C04F79EFBC}") = "TestWebApp", "src\TestWebApp\TestWebApp.csproj", "{FC458A2B-DA40-4215-A028-B40A5CBABB14}"
EndProject
Project("{FAE04EC0-301F-11D3-BF4B-00C04F79EFBC}") = "Neptuo.WebStack.StaticFiles", "src\Neptuo.WebStack.StaticFiles\Neptuo.WebStack.StaticFiles.csproj", "{A18AD38E-7564-4B9E-B964-5E6289192AED}"
EndProject
Project("{2150E333-8FDC-42A3-9474-1A3956D46DE8}") = ".nuget", ".nuget", "{55D6397E-C238-4AC5-B278-3D76E78B86E8}"
	ProjectSection(SolutionItems) = preProject
		.nuget\NuGet.Config = .nuget\NuGet.Config
		.nuget\NuGet.exe = .nuget\NuGet.exe
		.nuget\NuGet.targets = .nuget\NuGet.targets
	EndProjectSection
EndProject
Project("{FAE04EC0-301F-11D3-BF4B-00C04F79EFBC}") = "Neptuo.WebStack.Resources", "src\Neptuo.WebStack.Resources\Neptuo.WebStack.Resources.csproj", "{F20E4AE3-6DC3-4A34-992D-0FEF1B17FD9E}"
EndProject
Project("{FAE04EC0-301F-11D3-BF4B-00C04F79EFBC}") = "Neptuo.WebStack.Resources.Bundling", "src\Neptuo.WebStack.Resources.Bundling\Neptuo.WebStack.Resources.Bundling.csproj", "{C43DC17F-8856-47C4-85DB-49B06BBDD385}"
EndProject
Project("{FAE04EC0-301F-11D3-BF4B-00C04F79EFBC}") = "Neptuo.WebStack.Routing.Hosting", "src\Neptuo.WebStack.Routing.Hosting\Neptuo.WebStack.Routing.Hosting.csproj", "{3959D69F-1588-40A0-B889-3B50D70C43BB}"
EndProject
Project("{FAE04EC0-301F-11D3-BF4B-00C04F79EFBC}") = "Neptuo.WebStack.Formatters", "src\Neptuo.WebStack.Formatters\Neptuo.WebStack.Formatters.csproj", "{28EBCCA1-15E4-4D49-852C-EFD8A01C6055}"
EndProject
Project("{FAE04EC0-301F-11D3-BF4B-00C04F79EFBC}") = "Neptuo.WebStack.Formatters.Json", "src\Neptuo.WebStack.Formatters.Json\Neptuo.WebStack.Formatters.Json.csproj", "{DF470A24-4844-419C-A368-5A6C2140872F}"
EndProject
Project("{FAE04EC0-301F-11D3-BF4B-00C04F79EFBC}") = "Neptuo.WebStack.Services.Hosting", "src\Neptuo.WebStack.Services.Hosting\Neptuo.WebStack.Services.Hosting.csproj", "{8EC4CB8A-7122-439C-885E-7EBC821534C4}"
EndProject
Global
	GlobalSection(SolutionConfigurationPlatforms) = preSolution
		Debug|Any CPU = Debug|Any CPU
		Release|Any CPU = Release|Any CPU
	EndGlobalSection
	GlobalSection(ProjectConfigurationPlatforms) = postSolution
		{D661162A-CC24-4DE8-920F-AE54C9258A7F}.Debug|Any CPU.ActiveCfg = Debug|Any CPU
		{D661162A-CC24-4DE8-920F-AE54C9258A7F}.Debug|Any CPU.Build.0 = Debug|Any CPU
		{D661162A-CC24-4DE8-920F-AE54C9258A7F}.Release|Any CPU.ActiveCfg = Release|Any CPU
		{D661162A-CC24-4DE8-920F-AE54C9258A7F}.Release|Any CPU.Build.0 = Release|Any CPU
		{77A95819-04AB-492C-81B4-B59553C94A99}.Debug|Any CPU.ActiveCfg = Debug|Any CPU
		{77A95819-04AB-492C-81B4-B59553C94A99}.Debug|Any CPU.Build.0 = Debug|Any CPU
		{77A95819-04AB-492C-81B4-B59553C94A99}.Release|Any CPU.ActiveCfg = Release|Any CPU
		{77A95819-04AB-492C-81B4-B59553C94A99}.Release|Any CPU.Build.0 = Release|Any CPU
		{79AAD4CC-773A-4045-9A11-6200410A9153}.Debug|Any CPU.ActiveCfg = Debug|Any CPU
		{79AAD4CC-773A-4045-9A11-6200410A9153}.Debug|Any CPU.Build.0 = Debug|Any CPU
		{79AAD4CC-773A-4045-9A11-6200410A9153}.Release|Any CPU.ActiveCfg = Release|Any CPU
		{79AAD4CC-773A-4045-9A11-6200410A9153}.Release|Any CPU.Build.0 = Release|Any CPU
		{B628A16E-F84F-49AD-A04B-FC8A5428A663}.Debug|Any CPU.ActiveCfg = Debug|Any CPU
		{B628A16E-F84F-49AD-A04B-FC8A5428A663}.Debug|Any CPU.Build.0 = Debug|Any CPU
		{B628A16E-F84F-49AD-A04B-FC8A5428A663}.Release|Any CPU.ActiveCfg = Release|Any CPU
		{B628A16E-F84F-49AD-A04B-FC8A5428A663}.Release|Any CPU.Build.0 = Release|Any CPU
		{B60172B4-9D8B-41D9-B14C-F82A30A94A4C}.Debug|Any CPU.ActiveCfg = Debug|Any CPU
		{B60172B4-9D8B-41D9-B14C-F82A30A94A4C}.Debug|Any CPU.Build.0 = Debug|Any CPU
		{B60172B4-9D8B-41D9-B14C-F82A30A94A4C}.Release|Any CPU.ActiveCfg = Release|Any CPU
		{B60172B4-9D8B-41D9-B14C-F82A30A94A4C}.Release|Any CPU.Build.0 = Release|Any CPU
		{5F051BB8-E713-45F9-9685-4BEF15DAA0D8}.Debug|Any CPU.ActiveCfg = Debug|Any CPU
		{5F051BB8-E713-45F9-9685-4BEF15DAA0D8}.Debug|Any CPU.Build.0 = Debug|Any CPU
		{5F051BB8-E713-45F9-9685-4BEF15DAA0D8}.Release|Any CPU.ActiveCfg = Release|Any CPU
		{5F051BB8-E713-45F9-9685-4BEF15DAA0D8}.Release|Any CPU.Build.0 = Release|Any CPU
		{EBD4A12A-E485-4E20-ABEB-756A42B27949}.Debug|Any CPU.ActiveCfg = Debug|Any CPU
		{EBD4A12A-E485-4E20-ABEB-756A42B27949}.Debug|Any CPU.Build.0 = Debug|Any CPU
		{EBD4A12A-E485-4E20-ABEB-756A42B27949}.Release|Any CPU.ActiveCfg = Release|Any CPU
		{EBD4A12A-E485-4E20-ABEB-756A42B27949}.Release|Any CPU.Build.0 = Release|Any CPU
		{0696E3F0-E358-4383-A47F-8BD47F4F71AA}.Debug|Any CPU.ActiveCfg = Debug|Any CPU
		{0696E3F0-E358-4383-A47F-8BD47F4F71AA}.Debug|Any CPU.Build.0 = Debug|Any CPU
		{0696E3F0-E358-4383-A47F-8BD47F4F71AA}.Release|Any CPU.ActiveCfg = Release|Any CPU
		{0696E3F0-E358-4383-A47F-8BD47F4F71AA}.Release|Any CPU.Build.0 = Release|Any CPU
		{FC458A2B-DA40-4215-A028-B40A5CBABB14}.Debug|Any CPU.ActiveCfg = Debug|Any CPU
		{FC458A2B-DA40-4215-A028-B40A5CBABB14}.Debug|Any CPU.Build.0 = Debug|Any CPU
		{FC458A2B-DA40-4215-A028-B40A5CBABB14}.Release|Any CPU.ActiveCfg = Release|Any CPU
		{FC458A2B-DA40-4215-A028-B40A5CBABB14}.Release|Any CPU.Build.0 = Release|Any CPU
		{A18AD38E-7564-4B9E-B964-5E6289192AED}.Debug|Any CPU.ActiveCfg = Debug|Any CPU
		{A18AD38E-7564-4B9E-B964-5E6289192AED}.Debug|Any CPU.Build.0 = Debug|Any CPU
		{A18AD38E-7564-4B9E-B964-5E6289192AED}.Release|Any CPU.ActiveCfg = Release|Any CPU
		{A18AD38E-7564-4B9E-B964-5E6289192AED}.Release|Any CPU.Build.0 = Release|Any CPU
		{F20E4AE3-6DC3-4A34-992D-0FEF1B17FD9E}.Debug|Any CPU.ActiveCfg = Debug|Any CPU
		{F20E4AE3-6DC3-4A34-992D-0FEF1B17FD9E}.Debug|Any CPU.Build.0 = Debug|Any CPU
		{F20E4AE3-6DC3-4A34-992D-0FEF1B17FD9E}.Release|Any CPU.ActiveCfg = Release|Any CPU
		{F20E4AE3-6DC3-4A34-992D-0FEF1B17FD9E}.Release|Any CPU.Build.0 = Release|Any CPU
		{C43DC17F-8856-47C4-85DB-49B06BBDD385}.Debug|Any CPU.ActiveCfg = Debug|Any CPU
		{C43DC17F-8856-47C4-85DB-49B06BBDD385}.Debug|Any CPU.Build.0 = Debug|Any CPU
		{C43DC17F-8856-47C4-85DB-49B06BBDD385}.Release|Any CPU.ActiveCfg = Release|Any CPU
		{C43DC17F-8856-47C4-85DB-49B06BBDD385}.Release|Any CPU.Build.0 = Release|Any CPU
		{3959D69F-1588-40A0-B889-3B50D70C43BB}.Debug|Any CPU.ActiveCfg = Debug|Any CPU
		{3959D69F-1588-40A0-B889-3B50D70C43BB}.Debug|Any CPU.Build.0 = Debug|Any CPU
		{3959D69F-1588-40A0-B889-3B50D70C43BB}.Release|Any CPU.ActiveCfg = Release|Any CPU
		{3959D69F-1588-40A0-B889-3B50D70C43BB}.Release|Any CPU.Build.0 = Release|Any CPU
		{28EBCCA1-15E4-4D49-852C-EFD8A01C6055}.Debug|Any CPU.ActiveCfg = Debug|Any CPU
		{28EBCCA1-15E4-4D49-852C-EFD8A01C6055}.Debug|Any CPU.Build.0 = Debug|Any CPU
		{28EBCCA1-15E4-4D49-852C-EFD8A01C6055}.Release|Any CPU.ActiveCfg = Release|Any CPU
		{28EBCCA1-15E4-4D49-852C-EFD8A01C6055}.Release|Any CPU.Build.0 = Release|Any CPU
		{DF470A24-4844-419C-A368-5A6C2140872F}.Debug|Any CPU.ActiveCfg = Debug|Any CPU
		{DF470A24-4844-419C-A368-5A6C2140872F}.Debug|Any CPU.Build.0 = Debug|Any CPU
		{DF470A24-4844-419C-A368-5A6C2140872F}.Release|Any CPU.ActiveCfg = Release|Any CPU
		{DF470A24-4844-419C-A368-5A6C2140872F}.Release|Any CPU.Build.0 = Release|Any CPU
		{8EC4CB8A-7122-439C-885E-7EBC821534C4}.Debug|Any CPU.ActiveCfg = Debug|Any CPU
		{8EC4CB8A-7122-439C-885E-7EBC821534C4}.Debug|Any CPU.Build.0 = Debug|Any CPU
		{8EC4CB8A-7122-439C-885E-7EBC821534C4}.Release|Any CPU.ActiveCfg = Release|Any CPU
		{8EC4CB8A-7122-439C-885E-7EBC821534C4}.Release|Any CPU.Build.0 = Release|Any CPU
	EndGlobalSection
	GlobalSection(SolutionProperties) = preSolution
		HideSolutionNode = FALSE
	EndGlobalSection
	GlobalSection(NestedProjects) = preSolution
		{D661162A-CC24-4DE8-920F-AE54C9258A7F} = {282B5595-E7BE-4612-96C8-D1ACE6F9E4B6}
		{77A95819-04AB-492C-81B4-B59553C94A99} = {CC76C880-4F10-4B33-B794-649515C64D6B}
		{B628A16E-F84F-49AD-A04B-FC8A5428A663} = {167FA88E-DBBA-44C8-8699-3C5902EB46EB}
		{B60172B4-9D8B-41D9-B14C-F82A30A94A4C} = {167FA88E-DBBA-44C8-8699-3C5902EB46EB}
		{5F051BB8-E713-45F9-9685-4BEF15DAA0D8} = {167FA88E-DBBA-44C8-8699-3C5902EB46EB}
		{EBD4A12A-E485-4E20-ABEB-756A42B27949} = {282B5595-E7BE-4612-96C8-D1ACE6F9E4B6}
		{0696E3F0-E358-4383-A47F-8BD47F4F71AA} = {CC76C880-4F10-4B33-B794-649515C64D6B}
		{A18AD38E-7564-4B9E-B964-5E6289192AED} = {167FA88E-DBBA-44C8-8699-3C5902EB46EB}
		{F20E4AE3-6DC3-4A34-992D-0FEF1B17FD9E} = {167FA88E-DBBA-44C8-8699-3C5902EB46EB}
		{C43DC17F-8856-47C4-85DB-49B06BBDD385} = {167FA88E-DBBA-44C8-8699-3C5902EB46EB}
		{3959D69F-1588-40A0-B889-3B50D70C43BB} = {167FA88E-DBBA-44C8-8699-3C5902EB46EB}
		{28EBCCA1-15E4-4D49-852C-EFD8A01C6055} = {167FA88E-DBBA-44C8-8699-3C5902EB46EB}
		{DF470A24-4844-419C-A368-5A6C2140872F} = {167FA88E-DBBA-44C8-8699-3C5902EB46EB}
		{8EC4CB8A-7122-439C-885E-7EBC821534C4} = {167FA88E-DBBA-44C8-8699-3C5902EB46EB}
	EndGlobalSection
	GlobalSection(ExtensibilityGlobals) = postSolution
		VisualSVNWorkingCopyRoot = .
	EndGlobalSection
EndGlobal
